
Microsoft Visual Studio Solution File, Format Version 12.00
# Visual Studio 15
VisualStudioVersion = 15.0.27130.2020
MinimumVisualStudioVersion = 10.0.40219.1
Project("{9A19103F-16F7-4668-BE54-9A1E7A4F7556}") = "Esbe.SG.CodingGame", "src\Esbe.SG.CodingGame\Esbe.SG.CodingGame.csproj", "{EB26EC12-5049-4FD7-8E24-046B20A4A501}"
EndProject
Project("{9A19103F-16F7-4668-BE54-9A1E7A4F7556}") = "Esbe.SG.CodingGame.UnitTests", "tests\Esbe.SG.CodingGame.UnitTests\Esbe.SG.CodingGame.UnitTests.csproj", "{25F9AAB7-4AC8-4D52-A875-67137AD4C7A0}"
EndProject
Project("{2150E333-8FDC-42A3-9474-1A3956D46DE8}") = "Solution Items", "Solution Items", "{9069C1CE-CD7B-4B4A-8E15-8DA76D031C15}"
	ProjectSection(SolutionItems) = preProject
		README.md = README.md
	EndProjectSection
EndProject
Project("{9A19103F-16F7-4668-BE54-9A1E7A4F7556}") = "Esbe.SG.CodingGame.IntegrationTests", "tests\Esbe.SG.CodingGame.IntegrationTests\Esbe.SG.CodingGame.IntegrationTests.csproj", "{0DE10246-C8F5-4B3F-A8D8-330C183F8AE8}"
EndProject
Project("{9A19103F-16F7-4668-BE54-9A1E7A4F7556}") = "Esbe.SG.CodingGame.Console", "src\Esbe.SG.CodingGame.Console\Esbe.SG.CodingGame.Console.csproj", "{696E994F-D4DB-4A70-9F5E-88B479CE9EA9}"
EndProject
Global
	GlobalSection(SolutionConfigurationPlatforms) = preSolution
		Debug|Any CPU = Debug|Any CPU
		Release|Any CPU = Release|Any CPU
	EndGlobalSection
	GlobalSection(ProjectConfigurationPlatforms) = postSolution
		{EB26EC12-5049-4FD7-8E24-046B20A4A501}.Debug|Any CPU.ActiveCfg = Debug|Any CPU
		{EB26EC12-5049-4FD7-8E24-046B20A4A501}.Debug|Any CPU.Build.0 = Debug|Any CPU
		{EB26EC12-5049-4FD7-8E24-046B20A4A501}.Release|Any CPU.ActiveCfg = Release|Any CPU
		{EB26EC12-5049-4FD7-8E24-046B20A4A501}.Release|Any CPU.Build.0 = Release|Any CPU
		{25F9AAB7-4AC8-4D52-A875-67137AD4C7A0}.Debug|Any CPU.ActiveCfg = Debug|Any CPU
		{25F9AAB7-4AC8-4D52-A875-67137AD4C7A0}.Debug|Any CPU.Build.0 = Debug|Any CPU
		{25F9AAB7-4AC8-4D52-A875-67137AD4C7A0}.Release|Any CPU.ActiveCfg = Release|Any CPU
		{25F9AAB7-4AC8-4D52-A875-67137AD4C7A0}.Release|Any CPU.Build.0 = Release|Any CPU
		{0DE10246-C8F5-4B3F-A8D8-330C183F8AE8}.Debug|Any CPU.ActiveCfg = Debug|Any CPU
		{0DE10246-C8F5-4B3F-A8D8-330C183F8AE8}.Debug|Any CPU.Build.0 = Debug|Any CPU
		{0DE10246-C8F5-4B3F-A8D8-330C183F8AE8}.Release|Any CPU.ActiveCfg = Release|Any CPU
		{0DE10246-C8F5-4B3F-A8D8-330C183F8AE8}.Release|Any CPU.Build.0 = Release|Any CPU
		{696E994F-D4DB-4A70-9F5E-88B479CE9EA9}.Debug|Any CPU.ActiveCfg = Debug|Any CPU
		{696E994F-D4DB-4A70-9F5E-88B479CE9EA9}.Debug|Any CPU.Build.0 = Debug|Any CPU
		{696E994F-D4DB-4A70-9F5E-88B479CE9EA9}.Release|Any CPU.ActiveCfg = Release|Any CPU
		{696E994F-D4DB-4A70-9F5E-88B479CE9EA9}.Release|Any CPU.Build.0 = Release|Any CPU
	EndGlobalSection
	GlobalSection(SolutionProperties) = preSolution
		HideSolutionNode = FALSE
	EndGlobalSection
	GlobalSection(ExtensibilityGlobals) = postSolution
		SolutionGuid = {4A236E05-FC8E-4336-B4E9-05534C37F6A5}
	EndGlobalSection
EndGlobal
